<?xml version="1.0" encoding="utf-8"?>
<Project ToolsVersion="4.0" xmlns="http://schemas.microsoft.com/developer/msbuild/2003">
  <ItemGroup>
    <ClCompile Include="..\..\src\strings\bchange.cpp" />
    <ClCompile Include="..\..\src\strings\ctype.cpp" />
    <ClCompile Include="..\..\src\strings\ctype-big5.cpp" />
    <ClCompile Include="..\..\src\strings\ctype-bin.cpp" />
    <ClCompile Include="..\..\src\strings\ctype-cp932.cpp" />
    <ClCompile Include="..\..\src\strings\ctype-czech.cpp" />
    <ClCompile Include="..\..\src\strings\ctype-euc_kr.cpp" />
    <ClCompile Include="..\..\src\strings\ctype-eucjpms.cpp" />
    <ClCompile Include="..\..\src\strings\ctype-extra.cpp" />
    <ClCompile Include="..\..\src\strings\ctype-gb2312.cpp" />
    <ClCompile Include="..\..\src\strings\ctype-gb18030.cpp" />
    <ClCompile Include="..\..\src\strings\ctype-gbk.cpp" />
    <ClCompile Include="..\..\src\strings\ctype-latin1.cpp" />
    <ClCompile Include="..\..\src\strings\ctype-mb.cpp" />
    <ClCompile Include="..\..\src\strings\ctype-simple.cpp" />
    <ClCompile Include="..\..\src\strings\ctype-sjis.cpp" />
    <ClCompile Include="..\..\src\strings\ctype-tis620.cpp" />
    <ClCompile Include="..\..\src\strings\ctype-uca.cpp" />
    <ClCompile Include="..\..\src\strings\ctype-ucs2.cpp" />
    <ClCompile Include="..\..\src\strings\ctype-ujis.cpp" />
    <ClCompile Include="..\..\src\strings\ctype-utf8.cpp" />
    <ClCompile Include="..\..\src\strings\ctype-win1250ch.cpp" />
    <ClCompile Include="..\..\src\strings\decimal.cpp" />
    <ClCompile Include="..\..\src\strings\dtoa.cpp" />
    <ClCompile Include="..\..\src\strings\int2str.cpp" />
    <ClCompile Include="..\..\src\strings\is_prefix.cpp" />
    <ClCompile Include="..\..\src\strings\llstr.cpp" />
    <ClCompile Include="..\..\src\strings\longlong2str.cpp" />
    <ClCompile Include="..\..\src\strings\my_stpmov.cpp" />
    <ClCompile Include="..\..\src\strings\my_stpnmov.cpp" />
    <ClCompile Include="..\..\src\strings\my_strchr.cpp" />
    <ClCompile Include="..\..\src\strings\my_strtoll10.cpp" />
    <ClCompile Include="..\..\src\strings\my_vsnprintf.cpp" />
    <ClCompile Include="..\..\src\strings\str_alloc.cpp" />
    <ClCompile Include="..\..\src\strings\str2int.cpp" />
    <ClCompile Include="..\..\src\strings\strappend.cpp" />
    <ClCompile Include="..\..\src\strings\strcend.cpp" />
    <ClCompile Include="..\..\src\strings\strcont.cpp" />
    <ClCompile Include="..\..\src\strings\strend.cpp" />
    <ClCompile Include="..\..\src\strings\strfill.cpp" />
    <ClCompile Include="..\..\src\strings\strmake.cpp" />
    <ClCompile Include="..\..\src\strings\strnlen.cpp" />
    <ClCompile Include="..\..\src\strings\strxmov.cpp" />
    <ClCompile Include="..\..\src\strings\strxnmov.cpp" />
    <ClCompile Include="..\..\src\strings\xml.cpp" />
  </ItemGroup>
  <ItemGroup>
    <ClInclude Include="..\..\src\strings\t_ctype.h" />
    <ClInclude Include="..\..\src\include\strings\decimal.h" />
    <ClInclude Include="..\..\src\include\strings\m_ctype.h" />
    <ClInclude Include="..\..\src\include\strings\m_string.h" />
    <ClInclude Include="..\..\src\include\strings\my_uctype.h" />
    <ClInclude Include="..\..\src\include\strings\my_xml.h" />
    <ClInclude Include="..\..\src\include\strings\template_utils.h" />
  </ItemGroup>
</Project>