<?xml version="1.0" encoding="utf-8"?>
<Project ToolsVersion="4.0" xmlns="http://schemas.microsoft.com/developer/msbuild/2003">
  <ItemGroup>
    <ClInclude Include="..\..\src\include\common\cm_atomic.h" />
    <ClInclude Include="..\..\src\include\common\cm_base64.h" />
    <ClInclude Include="..\..\src\include\common\cm_biqueue.h" />
    <ClInclude Include="..\..\src\include\common\cm_config.h" />
    <ClInclude Include="..\..\src\include\common\cm_dbug.h" />
    <ClInclude Include="..\..\src\include\common\cm_encrypt.h" />
    <ClInclude Include="..\..\src\include\common\cm_file.h" />
    <ClInclude Include="..\..\src\include\common\cm_getopt.h" />
    <ClInclude Include="..\..\src\include\common\cm_list.h" />
    <ClInclude Include="..\..\src\include\common\cm_log.h" />
    <ClInclude Include="..\..\src\include\common\cm_md5.h" />
    <ClInclude Include="..\..\src\include\common\cm_memory.h" />
    <ClInclude Include="..\..\src\include\common\cm_mutex.h" />
    <ClInclude Include="..\..\src\include\common\cm_queue.h" />
    <ClInclude Include="..\..\src\include\common\cm_rbt.h" />
    <ClInclude Include="..\..\src\include\common\cm_thread.h" />
    <ClInclude Include="..\..\src\include\common\cm_thread_group.h" />
    <ClInclude Include="..\..\src\include\common\cm_thread_pool.h" />
    <ClInclude Include="..\..\src\include\common\cm_timewheel.h" />
    <ClInclude Include="..\..\src\include\common\cm_type.h" />
    <ClInclude Include="..\..\src\include\common\cm_util.h" />
    <ClInclude Include="..\..\src\include\common\cm_datetime.h" />
    <ClInclude Include="..\..\src\include\common\cm_random.h" />
    <ClInclude Include="..\..\src\include\common\cm_error.h" />
    <ClInclude Include="..\..\src\include\common\cm_rwlock.h" />
    <ClInclude Include="..\..\src\include\common\cm_counter.h" />
    <ClInclude Include="..\..\src\include\common\cm_locale.h" />
    <ClInclude Include="..\..\src\include\common\cm_stack.h" />
    <ClInclude Include="..\..\src\include\common\cm_string.h" />
    <ClInclude Include="..\..\src\include\common\cm_attribute.h" />
    <ClInclude Include="..\..\src\include\common\cm_timer.h" />
    <ClInclude Include="..\..\src\include\common\cm_text.h" />
    <ClInclude Include="..\..\src\include\common\cm_date.h" />
    <ClInclude Include="..\..\src\include\common\cm_io_cache.h" />
    <ClInclude Include="..\..\src\include\common\cm_hash_table.h" />
    <ClInclude Include="..\..\src\include\common\cm_vm_pool.h" />
  </ItemGroup>
  <ItemGroup>
    <ClCompile Include="..\..\src\common\cm_base64.cpp" />
    <ClCompile Include="..\..\src\common\cm_biqueue.cpp" />
    <ClCompile Include="..\..\src\common\cm_config.cpp" />
    <ClCompile Include="..\..\src\common\cm_dbug.cpp" />
    <ClCompile Include="..\..\src\common\cm_encrypt.cpp" />
    <ClCompile Include="..\..\src\common\cm_file.cpp" />
    <ClCompile Include="..\..\src\common\cm_getopt.cpp" />
    <ClCompile Include="..\..\src\common\cm_log.cpp" />
    <ClCompile Include="..\..\src\common\cm_md5.cpp" />
    <ClCompile Include="..\..\src\common\cm_memory.cpp" />
    <ClCompile Include="..\..\src\common\cm_mutex.cpp" />
    <ClCompile Include="..\..\src\common\cm_queue.cpp" />
    <ClCompile Include="..\..\src\common\cm_rbt.cpp" />
    <ClCompile Include="..\..\src\common\cm_thread.cpp" />
    <ClCompile Include="..\..\src\common\cm_thread_group.cpp" />
    <ClCompile Include="..\..\src\common\cm_thread_pool.cpp" />
    <ClCompile Include="..\..\src\common\cm_timewheel.cpp" />
    <ClCompile Include="..\..\src\common\cm_util.cpp" />
    <ClCompile Include="..\..\src\common\cm_datetime.cpp" />
    <ClCompile Include="..\..\src\common\cm_random.cpp" />
    <ClCompile Include="..\..\src\common\cm_error.cpp" />
    <ClCompile Include="..\..\src\common\cm_rwlock.cpp" />
    <ClCompile Include="..\..\src\common\cm_timer.cpp" />
    <ClCompile Include="..\..\src\common\cm_date.cpp" />
    <ClCompile Include="..\..\src\common\cm_timezone.cpp" />
    <ClCompile Include="..\..\src\common\cm_text.cpp" />
    <ClCompile Include="..\..\src\common\cm_io_cache.cpp" />
    <ClCompile Include="..\..\src\common\cm_hash_table.cpp" />
    <ClCompile Include="..\..\src\common\cm_vm_pool.cpp" />
    <ClCompile Include="..\..\src\common\cm_string.cpp" />
  </ItemGroup>
</Project>